{
  "name": "@omiinaya/node-st2",
  "version": "1.0.0",
  "lockfileVersion": 1,
  "requires": true,
  "dependencies": {
    "@omiinaya/node-st": {
      "version": "1.0.0",
      "resolved": "https://registry.npmjs.org/@omiinaya/node-st/-/node-st-1.0.0.tgz",
      "integrity": "sha512-sXkPMqKL8BCY0qnRbD07BfsuoI7zaxsFo4bnh5qwSlQu/aUkrySL/LqZCdTXI4wrQ49+kxhLhMfNyyxl0WfkZg=="
    }
  }
}
